// !$*UTF8*$!
{
	archiveVersion = 1;
	classes = {
	};
	objectVersion = 48;
	objects = {

/* Begin PBXBuildFile section */
		148D82211FA8B38F008AD3E1 /* iconfont.ttf in Resources */ = {isa = PBXBuildFile; fileRef = 148D82201FA8B36D008AD3E1 /* iconfont.ttf */; };
		1893F5131FA9B2F6005C72FE /* LFIconFont.swift in Sources */ = {isa = PBXBuildFile; fileRef = 1893F5121FA9B2F6005C72FE /* LFIconFont.swift */; };
		18D21AB81FA8559F00C11575 /* AppDelegate.swift in Sources */ = {isa = PBXBuildFile; fileRef = 18D21AB71FA8559F00C11575 /* AppDelegate.swift */; };
		18D21ABA1FA8559F00C11575 /* ViewController.swift in Sources */ = {isa = PBXBuildFile; fileRef = 18D21AB91FA8559F00C11575 /* ViewController.swift */; };
		18D21ABD1FA8559F00C11575 /* Main.storyboard in Resources */ = {isa = PBXBuildFile; fileRef = 18D21ABB1FA8559F00C11575 /* Main.storyboard */; };
		18D21ABF1FA8559F00C11575 /* Assets.xcassets in Resources */ = {isa = PBXBuildFile; fileRef = 18D21ABE1FA8559F00C11575 /* Assets.xcassets */; };
		18D21AC21FA8559F00C11575 /* LaunchScreen.storyboard in Resources */ = {isa = PBXBuildFile; fileRef = 18D21AC01FA8559F00C11575 /* LaunchScreen.storyboard */; };
/* End PBXBuildFile section */

/* Begin PBXFileReference section */
		148D82201FA8B36D008AD3E1 /* iconfont.ttf */ = {isa = PBXFileReference; lastKnownFileType = file; name = iconfont.ttf; path = ../../../Downloads/font_ovafg1pey67gmn29/iconfont.ttf; sourceTree = "<group>"; };
		1893F5121FA9B2F6005C72FE /* LFIconFont.swift */ = {isa = PBXFileReference; fileEncoding = 4; lastKnownFileType = sourcecode.swift; path = LFIconFont.swift; sourceTree = "<group>"; };
		18D21AB41FA8559F00C11575 /* iconFontText1.app */ = {isa = PBXFileReference; explicitFileType = wrapper.application; includeInIndex = 0; path = iconFontText1.app; sourceTree = BUILT_PRODUCTS_DIR; };
		18D21AB71FA8559F00C11575 /* AppDelegate.swift */ = {isa = PBXFileReference; lastKnownFileType = sourcecode.swift; path = AppDelegate.swift; sourceTree = "<group>"; };
		18D21AB91FA8559F00C11575 /* ViewController.swift */ = {isa = PBXFileReference; lastKnownFileType = sourcecode.swift; path = ViewController.swift; sourceTree = "<group>"; };
		18D21ABC1FA8559F00C11575 /* Base */ = {isa = PBXFileReference; lastKnownFileType = file.storyboard; name = Base; path = Base.lproj/Main.storyboard; sourceTree = "<group>"; };
		18D21ABE1FA8559F00C11575 /* Assets.xcassets */ = {isa = PBXFileReference; lastKnownFileType = folder.assetcatalog; path = Assets.xcassets; sourceTree = "<group>"; };
		18D21AC11FA8559F00C11575 /* Base */ = {isa = PBXFileReference; lastKnownFileType = file.storyboard; name = Base; path = Base.lproj/LaunchScreen.storyboard; sourceTree = "<group>"; };
		18D21AC31FA8559F00C11575 /* Info.plist */ = {isa = PBXFileReference; lastKnownFileType = text.plist.xml; path = Info.plist; sourceTree = "<group>"; };
/* End PBXFileReference section */

/* Begin PBXFrameworksBuildPhase section */
		18D21AB11FA8559F00C11575 /* Frameworks */ = {
			isa = PBXFrameworksBuildPhase;
			buildActionMask = 2147483647;
			files = (
			);
			runOnlyForDeploymentPostprocessing = 0;
		};
/* End PBXFrameworksBuildPhase section */

/* Begin PBXGroup section */
		1893F5111FA9B2CA005C72FE /* LFIconFont */ = {
			isa = PBXGroup;
			children = (
				1893F5121FA9B2F6005C72FE /* LFIconFont.swift */,
			);
			path = LFIconFont;
			sourceTree = "<group>";
		};
		18D21AAB1FA8559F00C11575 = {
			isa = PBXGroup;
			children = (
				18D21AB61FA8559F00C11575 /* iconFontText1 */,
				18D21AB51FA8559F00C11575 /* Products */,
			);
			sourceTree = "<group>";
		};
		18D21AB51FA8559F00C11575 /* Products */ = {
			isa = PBXGroup;
			children = (
				18D21AB41FA8559F00C11575 /* iconFontText1.app */,
			);
			name = Products;
			sourceTree = "<group>";
		};
		18D21AB61FA8559F00C11575 /* iconFontText1 */ = {
			isa = PBXGroup;
			children = (
				1893F5111FA9B2CA005C72FE /* LFIconFont */,
				148D82201FA8B36D008AD3E1 /* iconfont.ttf */,
				18D21AB71FA8559F00C11575 /* AppDelegate.swift */,
				18D21AB91FA8559F00C11575 /* ViewController.swift */,
				18D21ABB1FA8559F00C11575 /* Main.storyboard */,
				18D21ABE1FA8559F00C11575 /* Assets.xcassets */,
				18D21AC01FA8559F00C11575 /* LaunchScreen.storyboard */,
				18D21AC31FA8559F00C11575 /* Info.plist */,
			);
			path = iconFontText1;
			sourceTree = "<group>";
		};
/* End PBXGroup section */

/* Begin PBXNativeTarget section */
		18D21AB31FA8559F00C11575 /* iconFontText1 */ = {
			isa = PBXNativeTarget;
			buildConfigurationList = 18D21AC61FA8559F00C11575 /* Build configuration list for PBXNativeTarget "iconFontText1" */;
			buildPhases = (
				18D21AB01FA8559F00C11575 /* Sources */,
				18D21AB11FA8559F00C11575 /* Frameworks */,
				18D21AB21FA8559F00C11575 /* Resources */,
			);
			buildRules = (
			);
			dependencies = (
			);
			name = iconFontText1;
			productName = iconFontText1;
			productReference = 18D21AB41FA8559F00C11575 /* iconFontText1.app */;
			productType = "com.apple.product-type.application";
		};
/* End PBXNativeTarget section */

/* Begin PBXProject section */
		18D21AAC1FA8559F00C11575 /* Project object */ = {
			isa = PBXProject;
			attributes = {
				LastSwiftUpdateCheck = 0900;
				LastUpgradeCheck = 0900;
				ORGANIZATIONNAME = LiFu;
				TargetAttributes = {
					18D21AB31FA8559F00C11575 = {
						CreatedOnToolsVersion = 9.0;
						ProvisioningStyle = Automatic;
					};
				};
			};
			buildConfigurationList = 18D21AAF1FA8559F00C11575 /* Build configuration list for PBXProject "iconFontText1" */;
			compatibilityVersion = "Xcode 8.0";
			developmentRegion = en;
			hasScannedForEncodings = 0;
			knownRegions = (
				en,
				Base,
			);
			mainGroup = 18D21AAB1FA8559F00C11575;
			productRefGroup = 18D21AB51FA8559F00C11575 /* Products */;
			projectDirPath = "";
			projectRoot = "";
			targets = (
				18D21AB31FA8559F00C11575 /* iconFontText1 */,
			);
		};
/* End PBXProject section */

/* Begin PBXResourcesBuildPhase section */
		18D21AB21FA8559F00C11575 /* Resources */ = {
			isa = PBXResourcesBuildPhase;
			buildActionMask = 2147483647;
			files = (
				148D82211FA8B38F008AD3E1 /* iconfont.ttf in Resources */,
				18D21AC21FA8559F00C11575 /* LaunchScreen.storyboard in Resources */,
				18D21ABF1FA8559F00C11575 /* Assets.xcassets in Resources */,
				18D21ABD1FA8559F00C11575 /* Main.storyboard in Resources */,
			);
			runOnlyForDeploymentPostprocessing = 0;
		};
/* End PBXResourcesBuildPhase section */

/* Begin PBXSourcesBuildPhase section */
		18D21AB01FA8559F00C11575 /* Sources */ = {
			isa = PBXSourcesBuildPhase;
			buildActionMask = 2147483647;
			files = (
				1893F5131FA9B2F6005C72FE /* LFIconFont.swift in Sources */,
				18D21ABA1FA8559F00C11575 /* ViewController.swift in Sources */,
				18D21AB81FA8559F00C11575 /* AppDelegate.swift in Sources */,
			);
			runOnlyForDeploymentPostprocessing = 0;
		};
/* End PBXSourcesBuildPhase section */

/* Begin PBXVariantGroup section */
		18D21ABB1FA8559F00C11575 /* Main.storyboard */ = {
			isa = PBXVariantGroup;
			children = (
				18D21ABC1FA8559F00C11575 /* Base */,
			);
			name = Main.storyboard;
			sourceTree = "<group>";
		};
		18D21AC01FA8559F00C11575 /* LaunchScreen.storyboard */ = {
			isa = PBXVariantGroup;
			children = (
				18D21AC11FA8559F00C11575 /* Base */,
			);
			name = LaunchScreen.storyboard;
			sourceTree = "<group>";
		};
/* End PBXVariantGroup section */

/* Begin XCBuildConfiguration section */
		18D21AC41FA8559F00C11575 /* Debug */ = {
			isa = XCBuildConfiguration;
			buildSettings = {
				ALWAYS_SEARCH_USER_PATHS = NO;
				CLANG_ANALYZER_NONNULL = YES;
				CLANG_ANALYZER_NUMBER_OBJECT_CONVERSION = YES_AGGRESSIVE;
				CLANG_CXX_LANGUAGE_STANDARD = "gnu++14";
				CLANG_CXX_LIBRARY = "libc++";
				CLANG_ENABLE_MODULES = YES;
				CLANG_ENABLE_OBJC_ARC = YES;
				CLANG_WARN_BLOCK_CAPTURE_AUTORELEASING = YES;
				CLANG_WARN_BOOL_CONVERSION = YES;
				CLANG_WARN_COMMA = YES;
				CLANG_WARN_CONSTANT_CONVERSION = YES;
				CLANG_WARN_DIRECT_OBJC_ISA_USAGE = YES_ERROR;
				CLANG_WARN_DOCUMENTATION_COMMENTS = YES;
				CLANG_WARN_EMPTY_BODY = YES;
				CLANG_WARN_ENUM_CONVERSION = YES;
				CLANG_WARN_INFINITE_RECURSION = YES;
				CLANG_WARN_INT_CONVERSION = YES;
				CLANG_WARN_NON_LITERAL_NULL_CONVERSION = YES;
				CLANG_WARN_OBJC_LITERAL_CONVERSION = YES;
				CLANG_WARN_OBJC_ROOT_CLASS = YES_ERROR;
				CLANG_WARN_RANGE_LOOP_ANALYSIS = YES;
				CLANG_WARN_STRICT_PROTOTYPES = YES;
				CLANG_WARN_SUSPICIOUS_MOVE = YES;
				CLANG_WARN_UNGUARDED_AVAILABILITY = YES_AGGRESSIVE;
				CLANG_WARN_UNREACHABLE_CODE = YES;
				CLANG_WARN__DUPLICATE_METHOD_MATCH = YES;
				CODE_SIGN_IDENTITY = "iPhone Developer";
				COPY_PHASE_STRIP = NO;
				DEBUG_INFORMATION_FORMAT = dwarf;
				ENABLE_STRICT_OBJC_MSGSEND = YES;
				ENABLE_TESTABILITY = YES;
				GCC_C_LANGUAGE_STANDARD = gnu11;
				GCC_DYNAMIC_NO_PIC = NO;
				GCC_NO_COMMON_BLOCKS = YES;
				GCC_OPTIMIZATION_LEVEL = 0;
				GCC_PREPROCESSOR_DEFINITIONS = (
					"DEBUG=1",
					"$(inherited)",
				);
				GCC_WARN_64_TO_32_BIT_CONVERSION = YES;
				GCC_WARN_ABOUT_RETURN_TYPE = YES_ERROR;
				GCC_WARN_UNDECLARED_SELECTOR = YES;
				GCC_WARN_UNINITIALIZED_AUTOS = YES_AGGRESSIVE;
				GCC_WARN_UNUSED_FUNCTION = YES;
				GCC_WARN_UNUSED_VARIABLE = YES;
				IPHONEOS_DEPLOYMENT_TARGET = 11.0;
				MTL_ENABLE_DEBUG_INFO = YES;
				ONLY_ACTIVE_ARCH = YES;
				SDKROOT = iphoneos;
				SWIFT_ACTIVE_COMPILATION_CONDITIONS = DEBUG;
				SWIFT_OPTIMIZATION_LEVEL = "-Onone";
			};
			name = Debug;
		};
		18D21AC51FA8559F00C11575 /* Release */ = {
			isa = XCBuildConfiguration;
			buildSettings = {
				ALWAYS_SEARCH_USER_PATHS = NO;
				CLANG_ANALYZER_NONNULL = YES;
				CLANG_ANALYZER_NUMBER_OBJECT_CONVERSION = YES_AGGRESSIVE;
				CLANG_CXX_LANGUAGE_STANDARD = "gnu++14";
				CLANG_CXX_LIBRARY = "libc++";
				CLANG_ENABLE_MODULES = YES;
				CLANG_ENABLE_OBJC_ARC = YES;
				CLANG_WARN_BLOCK_CAPTURE_AUTORELEASING = YES;
				CLANG_WARN_BOOL_CONVERSION = YES;
				CLANG_WARN_COMMA = YES;
				CLANG_WARN_CONSTANT_CONVERSION = YES;
				CLANG_WARN_DIRECT_OBJC_ISA_USAGE = YES_ERROR;
				CLANG_WARN_DOCUMENTATION_COMMENTS = YES;
				CLANG_WARN_EMPTY_BODY = YES;
				CLANG_WARN_ENUM_CONVERSION = YES;
				CLANG_WARN_INFINITE_RECURSION = YES;
				CLANG_WARN_INT_CONVERSION = YES;
				CLANG_WARN_NON_LITERAL_NULL_CONVERSION = YES;
				CLANG_WARN_OBJC_LITERAL_CONVERSION = YES;
				CLANG_WARN_OBJC_ROOT_CLASS = YES_ERROR;
				CLANG_WARN_RANGE_LOOP_ANALYSIS = YES;
				CLANG_WARN_STRICT_PROTOTYPES = YES;
				CLANG_WARN_SUSPICIOUS_MOVE = YES;
				CLANG_WARN_UNGUARDED_AVAILABILITY = YES_AGGRESSIVE;
				CLANG_WARN_UNREACHABLE_CODE = YES;
				CLANG_WARN__DUPLICATE_METHOD_MATCH = YES;
				CODE_SIGN_IDENTITY = "iPhone Developer";
				COPY_PHASE_STRIP = NO;
				DEBUG_INFORMATION_FORMAT = "dwarf-with-dsym";
				ENABLE_NS_ASSERTIONS = NO;
				ENABLE_STRICT_OBJC_MSGSEND = YES;
				GCC_C_LANGUAGE_STANDARD = gnu11;
				GCC_NO_COMMON_BLOCKS = YES;
				GCC_WARN_64_TO_32_BIT_CONVERSION = YES;
				GCC_WARN_ABOUT_RETURN_TYPE = YES_ERROR;
				GCC_WARN_UNDECLARED_SELECTOR = YES;
				GCC_WARN_UNINITIALIZED_AUTOS = YES_AGGRESSIVE;
				GCC_WARN_UNUSED_FUNCTION = YES;
				GCC_WARN_UNUSED_VARIABLE = YES;
				IPHONEOS_DEPLOYMENT_TARGET = 11.0;
				MTL_ENABLE_DEBUG_INFO = NO;
				SDKROOT = iphoneos;
				SWIFT_OPTIMIZATION_LEVEL = "-Owholemodule";
				VALIDATE_PRODUCT = YES;
			};
			name = Release;
		};
		18D21AC71FA8559F00C11575 /* Debug */ = {
			isa = XCBuildConfiguration;
			buildSettings = {
				ASSETCATALOG_COMPILER_APPICON_NAME = AppIcon;
				CODE_SIGN_STYLE = Automatic;
				DEVELOPMENT_TEAM = K9DS6XKGWL;
				INFOPLIST_FILE = iconFontText1/Info.plist;
				LD_RUNPATH_SEARCH_PATHS = "$(inherited) @executable_path/Frameworks";
				PRODUCT_BUNDLE_IDENTIFIER = com.zhiqianjia.iconFontText1;
				PRODUCT_NAME = "$(TARGET_NAME)";
				SWIFT_VERSION = 4.0;
				TARGETED_DEVICE_FAMILY = "1,2";
			};
			name = Debug;
		};
		18D21AC81FA8559F00C11575 /* Release */ = {
			isa = XCBuildConfiguration;
			buildSettings = {
				ASSETCATALOG_COMPILER_APPICON_NAME = AppIcon;
				CODE_SIGN_STYLE = Automatic;
				DEVELOPMENT_TEAM = K9DS6XKGWL;
				INFOPLIST_FILE = iconFontText1/Info.plist;
				LD_RUNPATH_SEARCH_PATHS = "$(inherited) @executable_path/Frameworks";
				PRODUCT_BUNDLE_IDENTIFIER = com.zhiqianjia.iconFontText1;
				PRODUCT_NAME = "$(TARGET_NAME)";
				SWIFT_VERSION = 4.0;
				TARGETED_DEVICE_FAMILY = "1,2";
			};
			name = Release;
		};
/* End XCBuildConfiguration section */

/* Begin XCConfigurationList section */
		18D21AAF1FA8559F00C11575 /* Build configuration list for PBXProject "iconFontText1" */ = {
			isa = XCConfigurationList;
			buildConfigurations = (
				18D21AC41FA8559F00C11575 /* Debug */,
				18D21AC51FA8559F00C11575 /* Release */,
			);
			defaultConfigurationIsVisible = 0;
			defaultConfigurationName = Release;
		};
		18D21AC61FA8559F00C11575 /* Build configuration list for PBXNativeTarget "iconFontText1" */ = {
			isa = XCConfigurationList;
			buildConfigurations = (
				18D21AC71FA8559F00C11575 /* Debug */,
				18D21AC81FA8559F00C11575 /* Release */,
			);
			defaultConfigurationIsVisible = 0;
			defaultConfigurationName = Release;
		};
/* End XCConfigurationList section */
	};
	rootObject = 18D21AAC1FA8559F00C11575 /* Project object */;
}
